
Microsoft Visual Studio Solution File, Format Version 12.00
# Visual Studio Version 17
VisualStudioVersion = 17.0.31903.59
MinimumVisualStudioVersion = 10.0.40219.1
Project("{2150E333-8FDC-42A3-9474-1A3956D46DE8}") = "src", "src", "{957CD2CE-2E29-42F0-B409-79D1B3CE9002}"
EndProject
Project("{FAE04EC0-301F-11D3-BF4B-00C04F79EFBC}") = "PurgeKit.Core", "src\PurgeKit.Core\PurgeKit.Core.csproj", "{FA6CE2B3-46DD-43CE-BD26-9BAA63CAF5BC}"
EndProject
Project("{FAE04EC0-301F-11D3-BF4B-00C04F79EFBC}") = "PurgeKit.UI", "src\PurgeKit.UI\PurgeKit.UI.csproj", "{2F920D19-0745-415C-A2C2-B0843E7FAB33}"
EndProject
Global
	GlobalSection(SolutionConfigurationPlatforms) = preSolution
		Debug|Any CPU = Debug|Any CPU
		Release|Any CPU = Release|Any CPU
	EndGlobalSection
	GlobalSection(SolutionProperties) = preSolution
		HideSolutionNode = FALSE
	EndGlobalSection
	GlobalSection(ProjectConfigurationPlatforms) = postSolution
		{FA6CE2B3-46DD-43CE-BD26-9BAA63CAF5BC}.Debug|Any CPU.ActiveCfg = Debug|Any CPU
		{FA6CE2B3-46DD-43CE-BD26-9BAA63CAF5BC}.Debug|Any CPU.Build.0 = Debug|Any CPU
		{FA6CE2B3-46DD-43CE-BD26-9BAA63CAF5BC}.Release|Any CPU.ActiveCfg = Release|Any CPU
		{FA6CE2B3-46DD-43CE-BD26-9BAA63CAF5BC}.Release|Any CPU.Build.0 = Release|Any CPU
		{2F920D19-0745-415C-A2C2-B0843E7FAB33}.Debug|Any CPU.ActiveCfg = Debug|Any CPU
		{2F920D19-0745-415C-A2C2-B0843E7FAB33}.Debug|Any CPU.Build.0 = Debug|Any CPU
		{2F920D19-0745-415C-A2C2-B0843E7FAB33}.Release|Any CPU.ActiveCfg = Release|Any CPU
		{2F920D19-0745-415C-A2C2-B0843E7FAB33}.Release|Any CPU.Build.0 = Release|Any CPU
	EndGlobalSection
	GlobalSection(NestedProjects) = preSolution
		{FA6CE2B3-46DD-43CE-BD26-9BAA63CAF5BC} = {957CD2CE-2E29-42F0-B409-79D1B3CE9002}
		{2F920D19-0745-415C-A2C2-B0843E7FAB33} = {957CD2CE-2E29-42F0-B409-79D1B3CE9002}
	EndGlobalSection
EndGlobal
